
Microsoft Visual Studio Solution File, Format Version 12.00
# Visual Studio 15
Project("{FAE04EC0-301F-11D3-BF4B-00C04F79EFBC}") = "VuforiaScripts", "VuforiaScripts.csproj", "{F41290C2-274A-514B-CFB0-A27E7B95677A}"
EndProject
Project("{FAE04EC0-301F-11D3-BF4B-00C04F79EFBC}") = "Assembly-CSharp", "Assembly-CSharp.csproj", "{3C41F384-E85A-7192-1C8E-B32C14B0EBFE}"
EndProject
Project("{FAE04EC0-301F-11D3-BF4B-00C04F79EFBC}") = "VuforiaEditorScripts", "VuforiaEditorScripts.csproj", "{372E0839-9954-2975-FC74-2F86927B93F9}"
EndProject
Global
	GlobalSection(SolutionConfigurationPlatforms) = preSolution
		Debug|Any CPU = Debug|Any CPU
		Release|Any CPU = Release|Any CPU
	EndGlobalSection
	GlobalSection(ProjectConfigurationPlatforms) = postSolution
		{F41290C2-274A-514B-CFB0-A27E7B95677A}.Debug|Any CPU.ActiveCfg = Debug|Any CPU
		{F41290C2-274A-514B-CFB0-A27E7B95677A}.Debug|Any CPU.Build.0 = Debug|Any CPU
		{F41290C2-274A-514B-CFB0-A27E7B95677A}.Release|Any CPU.ActiveCfg = Release|Any CPU
		{F41290C2-274A-514B-CFB0-A27E7B95677A}.Release|Any CPU.Build.0 = Release|Any CPU
		{3C41F384-E85A-7192-1C8E-B32C14B0EBFE}.Debug|Any CPU.ActiveCfg = Debug|Any CPU
		{3C41F384-E85A-7192-1C8E-B32C14B0EBFE}.Debug|Any CPU.Build.0 = Debug|Any CPU
		{3C41F384-E85A-7192-1C8E-B32C14B0EBFE}.Release|Any CPU.ActiveCfg = Release|Any CPU
		{3C41F384-E85A-7192-1C8E-B32C14B0EBFE}.Release|Any CPU.Build.0 = Release|Any CPU
		{372E0839-9954-2975-FC74-2F86927B93F9}.Debug|Any CPU.ActiveCfg = Debug|Any CPU
		{372E0839-9954-2975-FC74-2F86927B93F9}.Debug|Any CPU.Build.0 = Debug|Any CPU
		{372E0839-9954-2975-FC74-2F86927B93F9}.Release|Any CPU.ActiveCfg = Release|Any CPU
		{372E0839-9954-2975-FC74-2F86927B93F9}.Release|Any CPU.Build.0 = Release|Any CPU
	EndGlobalSection
	GlobalSection(SolutionProperties) = preSolution
		HideSolutionNode = FALSE
	EndGlobalSection
EndGlobal
